
Microsoft Visual Studio Solution File, Format Version 12.00
# Visual Studio Version 17
VisualStudioVersion = 17.5.002.0
MinimumVisualStudioVersion = 10.0.40219.1
Project("{9A19103F-16F7-4668-BE54-9A1E7A4F7556}") = "demo1", "demo1\demo1.csproj", "{1B0946D5-F0EE-42F5-BE91-645F271E0F15}"
EndProject
Project("{9A19103F-16F7-4668-BE54-9A1E7A4F7556}") = "demo2", "demo2\demo2.csproj", "{4EA385A2-7B83-49FD-A870-FE1ADC3877CD}"
EndProject
Project("{FAE04EC0-301F-11D3-BF4B-00C04F79EFBC}") = "demo3", "demo3\demo3.csproj", "{91712ADF-00A6-4F58-8D2E-568829FCCF83}"
EndProject
Project("{FAE04EC0-301F-11D3-BF4B-00C04F79EFBC}") = "course04-demo", "course04-demo\course04-demo.csproj", "{83294656-7F8E-4C37-94E7-90F0F7506508}"
EndProject
Project("{FAE04EC0-301F-11D3-BF4B-00C04F79EFBC}") = "demo4", "demo4\demo4.csproj", "{2E40E1AC-1B22-4702-A305-1F5DAD522DBC}"
EndProject
Global
	GlobalSection(SolutionConfigurationPlatforms) = preSolution
		Debug|Any CPU = Debug|Any CPU
		Release|Any CPU = Release|Any CPU
	EndGlobalSection
	GlobalSection(ProjectConfigurationPlatforms) = postSolution
		{1B0946D5-F0EE-42F5-BE91-645F271E0F15}.Debug|Any CPU.ActiveCfg = Debug|Any CPU
		{1B0946D5-F0EE-42F5-BE91-645F271E0F15}.Debug|Any CPU.Build.0 = Debug|Any CPU
		{1B0946D5-F0EE-42F5-BE91-645F271E0F15}.Release|Any CPU.ActiveCfg = Release|Any CPU
		{1B0946D5-F0EE-42F5-BE91-645F271E0F15}.Release|Any CPU.Build.0 = Release|Any CPU
		{4EA385A2-7B83-49FD-A870-FE1ADC3877CD}.Debug|Any CPU.ActiveCfg = Debug|Any CPU
		{4EA385A2-7B83-49FD-A870-FE1ADC3877CD}.Debug|Any CPU.Build.0 = Debug|Any CPU
		{4EA385A2-7B83-49FD-A870-FE1ADC3877CD}.Release|Any CPU.ActiveCfg = Release|Any CPU
		{4EA385A2-7B83-49FD-A870-FE1ADC3877CD}.Release|Any CPU.Build.0 = Release|Any CPU
		{91712ADF-00A6-4F58-8D2E-568829FCCF83}.Debug|Any CPU.ActiveCfg = Debug|Any CPU
		{91712ADF-00A6-4F58-8D2E-568829FCCF83}.Debug|Any CPU.Build.0 = Debug|Any CPU
		{91712ADF-00A6-4F58-8D2E-568829FCCF83}.Release|Any CPU.ActiveCfg = Release|Any CPU
		{91712ADF-00A6-4F58-8D2E-568829FCCF83}.Release|Any CPU.Build.0 = Release|Any CPU
		{83294656-7F8E-4C37-94E7-90F0F7506508}.Debug|Any CPU.ActiveCfg = Debug|Any CPU
		{83294656-7F8E-4C37-94E7-90F0F7506508}.Debug|Any CPU.Build.0 = Debug|Any CPU
		{83294656-7F8E-4C37-94E7-90F0F7506508}.Release|Any CPU.ActiveCfg = Release|Any CPU
		{83294656-7F8E-4C37-94E7-90F0F7506508}.Release|Any CPU.Build.0 = Release|Any CPU
		{2E40E1AC-1B22-4702-A305-1F5DAD522DBC}.Debug|Any CPU.ActiveCfg = Debug|Any CPU
		{2E40E1AC-1B22-4702-A305-1F5DAD522DBC}.Debug|Any CPU.Build.0 = Debug|Any CPU
		{2E40E1AC-1B22-4702-A305-1F5DAD522DBC}.Release|Any CPU.ActiveCfg = Release|Any CPU
		{2E40E1AC-1B22-4702-A305-1F5DAD522DBC}.Release|Any CPU.Build.0 = Release|Any CPU
	EndGlobalSection
	GlobalSection(SolutionProperties) = preSolution
		HideSolutionNode = FALSE
	EndGlobalSection
	GlobalSection(ExtensibilityGlobals) = postSolution
		SolutionGuid = {DE589E6D-DE4E-4EA1-BF81-D100B012698A}
	EndGlobalSection
EndGlobal
